
Microsoft Visual Studio Solution File, Format Version 12.00
# Visual Studio Version 17
VisualStudioVersion = 17.14.36616.10 d17.14
MinimumVisualStudioVersion = 10.0.40219.1
Project("{8BC9CEB8-8B4A-11D0-8D11-00A0C91BC942}") = "Project01", "Project01\Project01.vcxproj", "{3A4E5DEA-A6E2-48A7-9342-28EA6AB681A4}"
EndProject
Global
	GlobalSection(SolutionConfigurationPlatforms) = preSolution
		Debug|x64 = Debug|x64
		Debug|x86 = Debug|x86
		Release|x64 = Release|x64
		Release|x86 = Release|x86
	EndGlobalSection
	GlobalSection(ProjectConfigurationPlatforms) = postSolution
		{3A4E5DEA-A6E2-48A7-9342-28EA6AB681A4}.Debug|x64.ActiveCfg = Debug|x64
		{3A4E5DEA-A6E2-48A7-9342-28EA6AB681A4}.Debug|x64.Build.0 = Debug|x64
		{3A4E5DEA-A6E2-48A7-9342-28EA6AB681A4}.Debug|x86.ActiveCfg = Debug|Win32
		{3A4E5DEA-A6E2-48A7-9342-28EA6AB681A4}.Debug|x86.Build.0 = Debug|Win32
		{3A4E5DEA-A6E2-48A7-9342-28EA6AB681A4}.Release|x64.ActiveCfg = Release|x64
		{3A4E5DEA-A6E2-48A7-9342-28EA6AB681A4}.Release|x64.Build.0 = Release|x64
		{3A4E5DEA-A6E2-48A7-9342-28EA6AB681A4}.Release|x86.ActiveCfg = Release|Win32
		{3A4E5DEA-A6E2-48A7-9342-28EA6AB681A4}.Release|x86.Build.0 = Release|Win32
	EndGlobalSection
	GlobalSection(SolutionProperties) = preSolution
		HideSolutionNode = FALSE
	EndGlobalSection
	GlobalSection(ExtensibilityGlobals) = postSolution
		SolutionGuid = {A33DD4B4-514D-4F2F-A721-20931696918F}
	EndGlobalSection
EndGlobal
